
Microsoft Visual Studio Solution File, Format Version 12.00
# Visual Studio 15
VisualStudioVersion = 15.0.27428.2043
MinimumVisualStudioVersion = 10.0.40219.1
Project("{FAE04EC0-301F-11D3-BF4B-00C04F79EFBC}") = "lista1zad1", "lista1zad1\lista1zad1.csproj", "{834BA6DB-3C87-4FF8-BF9A-97F08F80F939}"
EndProject
Global
	GlobalSection(SolutionConfigurationPlatforms) = preSolution
		Debug|Any CPU = Debug|Any CPU
		Release|Any CPU = Release|Any CPU
	EndGlobalSection
	GlobalSection(ProjectConfigurationPlatforms) = postSolution
		{834BA6DB-3C87-4FF8-BF9A-97F08F80F939}.Debug|Any CPU.ActiveCfg = Debug|Any CPU
		{834BA6DB-3C87-4FF8-BF9A-97F08F80F939}.Debug|Any CPU.Build.0 = Debug|Any CPU
		{834BA6DB-3C87-4FF8-BF9A-97F08F80F939}.Release|Any CPU.ActiveCfg = Release|Any CPU
		{834BA6DB-3C87-4FF8-BF9A-97F08F80F939}.Release|Any CPU.Build.0 = Release|Any CPU
	EndGlobalSection
	GlobalSection(SolutionProperties) = preSolution
		HideSolutionNode = FALSE
	EndGlobalSection
	GlobalSection(ExtensibilityGlobals) = postSolution
		SolutionGuid = {AC650ED3-41A6-4E40-8322-AC6406EF4D42}
	EndGlobalSection
EndGlobal
